
Microsoft Visual Studio Solution File, Format Version 12.00
# Visual Studio 2013
VisualStudioVersion = 12.0.31101.0
MinimumVisualStudioVersion = 10.0.40219.1
Project("{FAE04EC0-301F-11D3-BF4B-00C04F79EFBC}") = "PeteFest.Data", "PeteFest.Data\PeteFest.Data.csproj", "{1F0DC832-7DBF-4309-906A-C82746F5C88F}"
EndProject
Project("{FAE04EC0-301F-11D3-BF4B-00C04F79EFBC}") = "PeteFest.Infrastructure", "PeteFest.Infrastructure\PeteFest.Infrastructure.csproj", "{00C43936-4ADD-45D0-B632-A053B70104AD}"
EndProject
Project("{FAE04EC0-301F-11D3-BF4B-00C04F79EFBC}") = "PeteFest.Web", "PeteFest.Web\PeteFest.Web.csproj", "{0047D524-49D4-4176-91EF-F27CC4958197}"
EndProject
Project("{FAE04EC0-301F-11D3-BF4B-00C04F79EFBC}") = "PeteFest.Web.Tests", "PeteFest.Web.Tests\PeteFest.Web.Tests.csproj", "{B63C6C51-2E6A-4CBC-85F9-E642E2B8826C}"
EndProject
Project("{FAE04EC0-301F-11D3-BF4B-00C04F79EFBC}") = "PeteFest.Data.Core", "PeteFest.Data.Core\PeteFest.Data.Core.csproj", "{EF686BBB-31B2-4FB6-A0BD-1A28AFD42327}"
EndProject
Global
	GlobalSection(SolutionConfigurationPlatforms) = preSolution
		Debug|Any CPU = Debug|Any CPU
		Live|Any CPU = Live|Any CPU
		Release|Any CPU = Release|Any CPU
	EndGlobalSection
	GlobalSection(ProjectConfigurationPlatforms) = postSolution
		{1F0DC832-7DBF-4309-906A-C82746F5C88F}.Debug|Any CPU.ActiveCfg = Debug|Any CPU
		{1F0DC832-7DBF-4309-906A-C82746F5C88F}.Debug|Any CPU.Build.0 = Debug|Any CPU
		{1F0DC832-7DBF-4309-906A-C82746F5C88F}.Live|Any CPU.ActiveCfg = Live|Any CPU
		{1F0DC832-7DBF-4309-906A-C82746F5C88F}.Live|Any CPU.Build.0 = Live|Any CPU
		{1F0DC832-7DBF-4309-906A-C82746F5C88F}.Release|Any CPU.ActiveCfg = Release|Any CPU
		{1F0DC832-7DBF-4309-906A-C82746F5C88F}.Release|Any CPU.Build.0 = Release|Any CPU
		{00C43936-4ADD-45D0-B632-A053B70104AD}.Debug|Any CPU.ActiveCfg = Debug|Any CPU
		{00C43936-4ADD-45D0-B632-A053B70104AD}.Debug|Any CPU.Build.0 = Debug|Any CPU
		{00C43936-4ADD-45D0-B632-A053B70104AD}.Live|Any CPU.ActiveCfg = Live|Any CPU
		{00C43936-4ADD-45D0-B632-A053B70104AD}.Live|Any CPU.Build.0 = Live|Any CPU
		{00C43936-4ADD-45D0-B632-A053B70104AD}.Release|Any CPU.ActiveCfg = Release|Any CPU
		{00C43936-4ADD-45D0-B632-A053B70104AD}.Release|Any CPU.Build.0 = Release|Any CPU
		{0047D524-49D4-4176-91EF-F27CC4958197}.Debug|Any CPU.ActiveCfg = Debug|Any CPU
		{0047D524-49D4-4176-91EF-F27CC4958197}.Debug|Any CPU.Build.0 = Debug|Any CPU
		{0047D524-49D4-4176-91EF-F27CC4958197}.Live|Any CPU.ActiveCfg = Live|Any CPU
		{0047D524-49D4-4176-91EF-F27CC4958197}.Live|Any CPU.Build.0 = Live|Any CPU
		{0047D524-49D4-4176-91EF-F27CC4958197}.Release|Any CPU.ActiveCfg = Release|Any CPU
		{0047D524-49D4-4176-91EF-F27CC4958197}.Release|Any CPU.Build.0 = Release|Any CPU
		{B63C6C51-2E6A-4CBC-85F9-E642E2B8826C}.Debug|Any CPU.ActiveCfg = Debug|Any CPU
		{B63C6C51-2E6A-4CBC-85F9-E642E2B8826C}.Debug|Any CPU.Build.0 = Debug|Any CPU
		{B63C6C51-2E6A-4CBC-85F9-E642E2B8826C}.Live|Any CPU.ActiveCfg = Live|Any CPU
		{B63C6C51-2E6A-4CBC-85F9-E642E2B8826C}.Live|Any CPU.Build.0 = Live|Any CPU
		{B63C6C51-2E6A-4CBC-85F9-E642E2B8826C}.Release|Any CPU.ActiveCfg = Release|Any CPU
		{B63C6C51-2E6A-4CBC-85F9-E642E2B8826C}.Release|Any CPU.Build.0 = Release|Any CPU
		{EF686BBB-31B2-4FB6-A0BD-1A28AFD42327}.Debug|Any CPU.ActiveCfg = Debug|Any CPU
		{EF686BBB-31B2-4FB6-A0BD-1A28AFD42327}.Debug|Any CPU.Build.0 = Debug|Any CPU
		{EF686BBB-31B2-4FB6-A0BD-1A28AFD42327}.Live|Any CPU.ActiveCfg = Live|Any CPU
		{EF686BBB-31B2-4FB6-A0BD-1A28AFD42327}.Live|Any CPU.Build.0 = Live|Any CPU
		{EF686BBB-31B2-4FB6-A0BD-1A28AFD42327}.Release|Any CPU.ActiveCfg = Release|Any CPU
		{EF686BBB-31B2-4FB6-A0BD-1A28AFD42327}.Release|Any CPU.Build.0 = Release|Any CPU
	EndGlobalSection
	GlobalSection(SolutionProperties) = preSolution
		HideSolutionNode = FALSE
	EndGlobalSection
EndGlobal
